// !$*UTF8*$!
{
	archiveVersion = 1;
	classes = {
	};
	objectVersion = 56;
	objects = {

/* Begin PBXBuildFile section */
		E65E014329B1570C00D6015C /* FavouriteComic+CoreDataClass.swift in Sources */ = {isa = PBXBuildFile; fileRef = E65E014129B1570C00D6015C /* FavouriteComic+CoreDataClass.swift */; };
		E65E014429B1570C00D6015C /* FavouriteComic+CoreDataProperties.swift in Sources */ = {isa = PBXBuildFile; fileRef = E65E014229B1570C00D6015C /* FavouriteComic+CoreDataProperties.swift */; };
		E673D11929AF7AB100F2CF69 /* AppDelegate.swift in Sources */ = {isa = PBXBuildFile; fileRef = E673D11829AF7AB100F2CF69 /* AppDelegate.swift */; };
		E673D11B29AF7AB100F2CF69 /* SceneDelegate.swift in Sources */ = {isa = PBXBuildFile; fileRef = E673D11A29AF7AB100F2CF69 /* SceneDelegate.swift */; };
		E673D12229AF7AB300F2CF69 /* Assets.xcassets in Resources */ = {isa = PBXBuildFile; fileRef = E673D12129AF7AB300F2CF69 /* Assets.xcassets */; };
		E673D12D29AFA31400F2CF69 /* MainCoordinator.swift in Sources */ = {isa = PBXBuildFile; fileRef = E673D12C29AFA31400F2CF69 /* MainCoordinator.swift */; };
		E673D12F29AFA3A000F2CF69 /* BrowseVC.swift in Sources */ = {isa = PBXBuildFile; fileRef = E673D12E29AFA3A000F2CF69 /* BrowseVC.swift */; };
		E673D13129AFA8F200F2CF69 /* Comic.swift in Sources */ = {isa = PBXBuildFile; fileRef = E673D13029AFA8F200F2CF69 /* Comic.swift */; };
		E673D13329AFAC0F00F2CF69 /* Networking.swift in Sources */ = {isa = PBXBuildFile; fileRef = E673D13229AFAC0F00F2CF69 /* Networking.swift */; };
		E673D13729AFBED500F2CF69 /* BrowseVC.xib in Resources */ = {isa = PBXBuildFile; fileRef = E673D13629AFBED500F2CF69 /* BrowseVC.xib */; };
		E673D13929AFC41400F2CF69 /* BrowseViewModel.swift in Sources */ = {isa = PBXBuildFile; fileRef = E673D13829AFC41400F2CF69 /* BrowseViewModel.swift */; };
		E673D13C29AFC8B400F2CF69 /* Kingfisher in Frameworks */ = {isa = PBXBuildFile; productRef = E673D13B29AFC8B400F2CF69 /* Kingfisher */; };
		E673D13E29B0CD5A00F2CF69 /* TabBarVC.xib in Resources */ = {isa = PBXBuildFile; fileRef = E673D13D29B0CD5A00F2CF69 /* TabBarVC.xib */; };
		E673D14029B0CD9C00F2CF69 /* TabBarVC.swift in Sources */ = {isa = PBXBuildFile; fileRef = E673D13F29B0CD9C00F2CF69 /* TabBarVC.swift */; };
		E673D14629B0D9B200F2CF69 /* xkcd.xcdatamodeld in Sources */ = {isa = PBXBuildFile; fileRef = E673D14429B0D9B200F2CF69 /* xkcd.xcdatamodeld */; };
		E673D14829B0DBC500F2CF69 /* ImageTransformer.swift in Sources */ = {isa = PBXBuildFile; fileRef = E673D14729B0DBC500F2CF69 /* ImageTransformer.swift */; };
		E673D14A29B0DC6A00F2CF69 /* StorageProvider.swift in Sources */ = {isa = PBXBuildFile; fileRef = E673D14929B0DC6A00F2CF69 /* StorageProvider.swift */; };
		E673D15229B10D5F00F2CF69 /* SearchVC.xib in Resources */ = {isa = PBXBuildFile; fileRef = E673D15129B10D5F00F2CF69 /* SearchVC.xib */; };
		E673D15429B111C100F2CF69 /* SearchVC.swift in Sources */ = {isa = PBXBuildFile; fileRef = E673D15329B111C100F2CF69 /* SearchVC.swift */; };
		E673D15629B111F300F2CF69 /* SearchViewModel.swift in Sources */ = {isa = PBXBuildFile; fileRef = E673D15529B111F300F2CF69 /* SearchViewModel.swift */; };
		E6F4C55929B28E2D00EDCF1B /* FavouritesViewModel.swift in Sources */ = {isa = PBXBuildFile; fileRef = E6F4C55829B28E2D00EDCF1B /* FavouritesViewModel.swift */; };
		E6F4C55B29B2A19F00EDCF1B /* ComicViewModelProtocol.swift in Sources */ = {isa = PBXBuildFile; fileRef = E6F4C55A29B2A19F00EDCF1B /* ComicViewModelProtocol.swift */; };
		E6F4C56729B3AE0E00EDCF1B /* xkcd_assignment_UITests.swift in Sources */ = {isa = PBXBuildFile; fileRef = E6F4C56629B3AE0E00EDCF1B /* xkcd_assignment_UITests.swift */; };
		E6F4C57329B3AE8E00EDCF1B /* AccessibilityIdentifiers.swift in Sources */ = {isa = PBXBuildFile; fileRef = E6F4C57229B3AE8E00EDCF1B /* AccessibilityIdentifiers.swift */; };
		E6F4C57429B3B25300EDCF1B /* AccessibilityIdentifiers.swift in Sources */ = {isa = PBXBuildFile; fileRef = E6F4C57229B3AE8E00EDCF1B /* AccessibilityIdentifiers.swift */; };
		E6F4C57829B3F52900EDCF1B /* UIColor+ex.swift in Sources */ = {isa = PBXBuildFile; fileRef = E6F4C57729B3F52900EDCF1B /* UIColor+ex.swift */; };
		E6F4C57A29B4020B00EDCF1B /* ComicDetailVC.xib in Resources */ = {isa = PBXBuildFile; fileRef = E6F4C57929B4020B00EDCF1B /* ComicDetailVC.xib */; };
		E6F4C57C29B4021B00EDCF1B /* ComicDetailVC.swift in Sources */ = {isa = PBXBuildFile; fileRef = E6F4C57B29B4021B00EDCF1B /* ComicDetailVC.swift */; };
/* End PBXBuildFile section */

/* Begin PBXContainerItemProxy section */
		E6F4C56A29B3AE0E00EDCF1B /* PBXContainerItemProxy */ = {
			isa = PBXContainerItemProxy;
			containerPortal = E673D10D29AF7AB000F2CF69 /* Project object */;
			proxyType = 1;
			remoteGlobalIDString = E673D11429AF7AB100F2CF69;
			remoteInfo = xkcd_assignment;
		};
/* End PBXContainerItemProxy section */

/* Begin PBXFileReference section */
		E65E014129B1570C00D6015C /* FavouriteComic+CoreDataClass.swift */ = {isa = PBXFileReference; lastKnownFileType = sourcecode.swift; path = "FavouriteComic+CoreDataClass.swift"; sourceTree = "<group>"; };
		E65E014229B1570C00D6015C /* FavouriteComic+CoreDataProperties.swift */ = {isa = PBXFileReference; lastKnownFileType = sourcecode.swift; path = "FavouriteComic+CoreDataProperties.swift"; sourceTree = "<group>"; };
		E673D11529AF7AB100F2CF69 /* xkcd_assignment.app */ = {isa = PBXFileReference; explicitFileType = wrapper.application; includeInIndex = 0; path = xkcd_assignment.app; sourceTree = BUILT_PRODUCTS_DIR; };
		E673D11829AF7AB100F2CF69 /* AppDelegate.swift */ = {isa = PBXFileReference; lastKnownFileType = sourcecode.swift; path = AppDelegate.swift; sourceTree = "<group>"; };
		E673D11A29AF7AB100F2CF69 /* SceneDelegate.swift */ = {isa = PBXFileReference; lastKnownFileType = sourcecode.swift; path = SceneDelegate.swift; sourceTree = "<group>"; };
		E673D12129AF7AB300F2CF69 /* Assets.xcassets */ = {isa = PBXFileReference; lastKnownFileType = folder.assetcatalog; path = Assets.xcassets; sourceTree = "<group>"; };
		E673D12629AF7AB300F2CF69 /* Info.plist */ = {isa = PBXFileReference; lastKnownFileType = text.plist.xml; path = Info.plist; sourceTree = "<group>"; };
		E673D12C29AFA31400F2CF69 /* MainCoordinator.swift */ = {isa = PBXFileReference; lastKnownFileType = sourcecode.swift; path = MainCoordinator.swift; sourceTree = "<group>"; };
		E673D12E29AFA3A000F2CF69 /* BrowseVC.swift */ = {isa = PBXFileReference; lastKnownFileType = sourcecode.swift; path = BrowseVC.swift; sourceTree = "<group>"; };
		E673D13029AFA8F200F2CF69 /* Comic.swift */ = {isa = PBXFileReference; lastKnownFileType = sourcecode.swift; path = Comic.swift; sourceTree = "<group>"; };
		E673D13229AFAC0F00F2CF69 /* Networking.swift */ = {isa = PBXFileReference; lastKnownFileType = sourcecode.swift; path = Networking.swift; sourceTree = "<group>"; };
		E673D13629AFBED500F2CF69 /* BrowseVC.xib */ = {isa = PBXFileReference; lastKnownFileType = file.xib; path = BrowseVC.xib; sourceTree = "<group>"; };
		E673D13829AFC41400F2CF69 /* BrowseViewModel.swift */ = {isa = PBXFileReference; lastKnownFileType = sourcecode.swift; path = BrowseViewModel.swift; sourceTree = "<group>"; };
		E673D13D29B0CD5A00F2CF69 /* TabBarVC.xib */ = {isa = PBXFileReference; lastKnownFileType = file.xib; path = TabBarVC.xib; sourceTree = "<group>"; };
		E673D13F29B0CD9C00F2CF69 /* TabBarVC.swift */ = {isa = PBXFileReference; lastKnownFileType = sourcecode.swift; path = TabBarVC.swift; sourceTree = "<group>"; };
		E673D14529B0D9B200F2CF69 /* xkcd.xcdatamodel */ = {isa = PBXFileReference; lastKnownFileType = wrapper.xcdatamodel; path = xkcd.xcdatamodel; sourceTree = "<group>"; };
		E673D14729B0DBC500F2CF69 /* ImageTransformer.swift */ = {isa = PBXFileReference; lastKnownFileType = sourcecode.swift; path = ImageTransformer.swift; sourceTree = "<group>"; };
		E673D14929B0DC6A00F2CF69 /* StorageProvider.swift */ = {isa = PBXFileReference; lastKnownFileType = sourcecode.swift; path = StorageProvider.swift; sourceTree = "<group>"; };
		E673D15129B10D5F00F2CF69 /* SearchVC.xib */ = {isa = PBXFileReference; lastKnownFileType = file.xib; path = SearchVC.xib; sourceTree = "<group>"; };
		E673D15329B111C100F2CF69 /* SearchVC.swift */ = {isa = PBXFileReference; lastKnownFileType = sourcecode.swift; path = SearchVC.swift; sourceTree = "<group>"; };
		E673D15529B111F300F2CF69 /* SearchViewModel.swift */ = {isa = PBXFileReference; lastKnownFileType = sourcecode.swift; path = SearchViewModel.swift; sourceTree = "<group>"; };
		E6F4C55829B28E2D00EDCF1B /* FavouritesViewModel.swift */ = {isa = PBXFileReference; lastKnownFileType = sourcecode.swift; path = FavouritesViewModel.swift; sourceTree = "<group>"; };
		E6F4C55A29B2A19F00EDCF1B /* ComicViewModelProtocol.swift */ = {isa = PBXFileReference; lastKnownFileType = sourcecode.swift; path = ComicViewModelProtocol.swift; sourceTree = "<group>"; };
		E6F4C56429B3AE0E00EDCF1B /* xkcd_assignment_UITests.xctest */ = {isa = PBXFileReference; explicitFileType = wrapper.cfbundle; includeInIndex = 0; path = xkcd_assignment_UITests.xctest; sourceTree = BUILT_PRODUCTS_DIR; };
		E6F4C56629B3AE0E00EDCF1B /* xkcd_assignment_UITests.swift */ = {isa = PBXFileReference; lastKnownFileType = sourcecode.swift; path = xkcd_assignment_UITests.swift; sourceTree = "<group>"; };
		E6F4C57229B3AE8E00EDCF1B /* AccessibilityIdentifiers.swift */ = {isa = PBXFileReference; lastKnownFileType = sourcecode.swift; path = AccessibilityIdentifiers.swift; sourceTree = "<group>"; };
		E6F4C57729B3F52900EDCF1B /* UIColor+ex.swift */ = {isa = PBXFileReference; lastKnownFileType = sourcecode.swift; path = "UIColor+ex.swift"; sourceTree = "<group>"; };
		E6F4C57929B4020B00EDCF1B /* ComicDetailVC.xib */ = {isa = PBXFileReference; lastKnownFileType = file.xib; path = ComicDetailVC.xib; sourceTree = "<group>"; };
		E6F4C57B29B4021B00EDCF1B /* ComicDetailVC.swift */ = {isa = PBXFileReference; lastKnownFileType = sourcecode.swift; path = ComicDetailVC.swift; sourceTree = "<group>"; };
/* End PBXFileReference section */

/* Begin PBXFrameworksBuildPhase section */
		E673D11229AF7AB100F2CF69 /* Frameworks */ = {
			isa = PBXFrameworksBuildPhase;
			buildActionMask = 2147483647;
			files = (
				E673D13C29AFC8B400F2CF69 /* Kingfisher in Frameworks */,
			);
			runOnlyForDeploymentPostprocessing = 0;
		};
		E6F4C56129B3AE0E00EDCF1B /* Frameworks */ = {
			isa = PBXFrameworksBuildPhase;
			buildActionMask = 2147483647;
			files = (
			);
			runOnlyForDeploymentPostprocessing = 0;
		};
/* End PBXFrameworksBuildPhase section */

/* Begin PBXGroup section */
		E673D10C29AF7AB000F2CF69 = {
			isa = PBXGroup;
			children = (
				E65E014129B1570C00D6015C /* FavouriteComic+CoreDataClass.swift */,
				E65E014229B1570C00D6015C /* FavouriteComic+CoreDataProperties.swift */,
				E673D11729AF7AB100F2CF69 /* xkcd_assignment */,
				E6F4C56529B3AE0E00EDCF1B /* xkcd_assignment_UITests */,
				E673D11629AF7AB100F2CF69 /* Products */,
			);
			sourceTree = "<group>";
		};
		E673D11629AF7AB100F2CF69 /* Products */ = {
			isa = PBXGroup;
			children = (
				E673D11529AF7AB100F2CF69 /* xkcd_assignment.app */,
				E6F4C56429B3AE0E00EDCF1B /* xkcd_assignment_UITests.xctest */,
			);
			name = Products;
			sourceTree = "<group>";
		};
		E673D11729AF7AB100F2CF69 /* xkcd_assignment */ = {
			isa = PBXGroup;
			children = (
				E6F4C57D29B40BA500EDCF1B /* Base */,
				E6F4C58629B40CBA00EDCF1B /* Protocols */,
				E6F4C57E29B40BCB00EDCF1B /* ViewControllers */,
				E6F4C58529B40CA800EDCF1B /* ViewModels */,
				E6F4C58429B40C9E00EDCF1B /* Extensions */,
				E6F4C58729B40CD000EDCF1B /* Data */,
				E6F4C58829B40CE000EDCF1B /* Misc */,
				E6F4C58929B40CF500EDCF1B /* Networking */,
				E6F4C58329B40C9700EDCF1B /* Models */,
				E6F4C58A29B40D0200EDCF1B /* SupportingFiles */,
			);
			path = xkcd_assignment;
			sourceTree = "<group>";
		};
		E6F4C56529B3AE0E00EDCF1B /* xkcd_assignment_UITests */ = {
			isa = PBXGroup;
			children = (
				E6F4C56629B3AE0E00EDCF1B /* xkcd_assignment_UITests.swift */,
			);
			path = xkcd_assignment_UITests;
			sourceTree = "<group>";
		};
		E6F4C57D29B40BA500EDCF1B /* Base */ = {
			isa = PBXGroup;
			children = (
				E673D11829AF7AB100F2CF69 /* AppDelegate.swift */,
				E673D11A29AF7AB100F2CF69 /* SceneDelegate.swift */,
				E673D12C29AFA31400F2CF69 /* MainCoordinator.swift */,
			);
			path = Base;
			sourceTree = "<group>";
		};
		E6F4C57E29B40BCB00EDCF1B /* ViewControllers */ = {
			isa = PBXGroup;
			children = (
				E6F4C58029B40BE400EDCF1B /* TabBar */,
				E6F4C58129B40BF600EDCF1B /* Browse */,
				E6F4C58229B40C0300EDCF1B /* Search */,
				E6F4C57F29B40BD800EDCF1B /* ComicDetail */,
			);
			path = ViewControllers;
			sourceTree = "<group>";
		};
		E6F4C57F29B40BD800EDCF1B /* ComicDetail */ = {
			isa = PBXGroup;
			children = (
				E6F4C57B29B4021B00EDCF1B /* ComicDetailVC.swift */,
				E6F4C57929B4020B00EDCF1B /* ComicDetailVC.xib */,
			);
			path = ComicDetail;
			sourceTree = "<group>";
		};
		E6F4C58029B40BE400EDCF1B /* TabBar */ = {
			isa = PBXGroup;
			children = (
				E673D13F29B0CD9C00F2CF69 /* TabBarVC.swift */,
				E673D13D29B0CD5A00F2CF69 /* TabBarVC.xib */,
			);
			path = TabBar;
			sourceTree = "<group>";
		};
		E6F4C58129B40BF600EDCF1B /* Browse */ = {
			isa = PBXGroup;
			children = (
				E673D12E29AFA3A000F2CF69 /* BrowseVC.swift */,
				E673D13629AFBED500F2CF69 /* BrowseVC.xib */,
			);
			path = Browse;
			sourceTree = "<group>";
		};
		E6F4C58229B40C0300EDCF1B /* Search */ = {
			isa = PBXGroup;
			children = (
				E673D15329B111C100F2CF69 /* SearchVC.swift */,
				E673D15129B10D5F00F2CF69 /* SearchVC.xib */,
			);
			path = Search;
			sourceTree = "<group>";
		};
		E6F4C58329B40C9700EDCF1B /* Models */ = {
			isa = PBXGroup;
			children = (
				E673D13029AFA8F200F2CF69 /* Comic.swift */,
			);
			path = Models;
			sourceTree = "<group>";
		};
		E6F4C58429B40C9E00EDCF1B /* Extensions */ = {
			isa = PBXGroup;
			children = (
				E6F4C57729B3F52900EDCF1B /* UIColor+ex.swift */,
			);
			path = Extensions;
			sourceTree = "<group>";
		};
		E6F4C58529B40CA800EDCF1B /* ViewModels */ = {
			isa = PBXGroup;
			children = (
				E673D13829AFC41400F2CF69 /* BrowseViewModel.swift */,
				E6F4C55829B28E2D00EDCF1B /* FavouritesViewModel.swift */,
				E673D15529B111F300F2CF69 /* SearchViewModel.swift */,
			);
			path = ViewModels;
			sourceTree = "<group>";
		};
		E6F4C58629B40CBA00EDCF1B /* Protocols */ = {
			isa = PBXGroup;
			children = (
				E6F4C55A29B2A19F00EDCF1B /* ComicViewModelProtocol.swift */,
			);
			path = Protocols;
			sourceTree = "<group>";
		};
		E6F4C58729B40CD000EDCF1B /* Data */ = {
			isa = PBXGroup;
			children = (
				E673D14429B0D9B200F2CF69 /* xkcd.xcdatamodeld */,
				E673D14929B0DC6A00F2CF69 /* StorageProvider.swift */,
				E673D14729B0DBC500F2CF69 /* ImageTransformer.swift */,
			);
			path = Data;
			sourceTree = "<group>";
		};
		E6F4C58829B40CE000EDCF1B /* Misc */ = {
			isa = PBXGroup;
			children = (
				E6F4C57229B3AE8E00EDCF1B /* AccessibilityIdentifiers.swift */,
			);
			path = Misc;
			sourceTree = "<group>";
		};
		E6F4C58929B40CF500EDCF1B /* Networking */ = {
			isa = PBXGroup;
			children = (
				E673D13229AFAC0F00F2CF69 /* Networking.swift */,
			);
			path = Networking;
			sourceTree = "<group>";
		};
		E6F4C58A29B40D0200EDCF1B /* SupportingFiles */ = {
			isa = PBXGroup;
			children = (
				E673D12129AF7AB300F2CF69 /* Assets.xcassets */,
				E673D12629AF7AB300F2CF69 /* Info.plist */,
			);
			path = SupportingFiles;
			sourceTree = "<group>";
		};
/* End PBXGroup section */

/* Begin PBXNativeTarget section */
		E673D11429AF7AB100F2CF69 /* xkcd_assignment */ = {
			isa = PBXNativeTarget;
			buildConfigurationList = E673D12929AF7AB300F2CF69 /* Build configuration list for PBXNativeTarget "xkcd_assignment" */;
			buildPhases = (
				E673D11129AF7AB100F2CF69 /* Sources */,
				E673D11229AF7AB100F2CF69 /* Frameworks */,
				E673D11329AF7AB100F2CF69 /* Resources */,
			);
			buildRules = (
			);
			dependencies = (
			);
			name = xkcd_assignment;
			packageProductDependencies = (
				E673D13B29AFC8B400F2CF69 /* Kingfisher */,
			);
			productName = xkcd_assignment;
			productReference = E673D11529AF7AB100F2CF69 /* xkcd_assignment.app */;
			productType = "com.apple.product-type.application";
		};
		E6F4C56329B3AE0E00EDCF1B /* xkcd_assignment_UITests */ = {
			isa = PBXNativeTarget;
			buildConfigurationList = E6F4C56C29B3AE0E00EDCF1B /* Build configuration list for PBXNativeTarget "xkcd_assignment_UITests" */;
			buildPhases = (
				E6F4C56029B3AE0E00EDCF1B /* Sources */,
				E6F4C56129B3AE0E00EDCF1B /* Frameworks */,
				E6F4C56229B3AE0E00EDCF1B /* Resources */,
			);
			buildRules = (
			);
			dependencies = (
				E6F4C56B29B3AE0E00EDCF1B /* PBXTargetDependency */,
			);
			name = xkcd_assignment_UITests;
			productName = xkcd_assignment_UITests;
			productReference = E6F4C56429B3AE0E00EDCF1B /* xkcd_assignment_UITests.xctest */;
			productType = "com.apple.product-type.bundle.ui-testing";
		};
/* End PBXNativeTarget section */

/* Begin PBXProject section */
		E673D10D29AF7AB000F2CF69 /* Project object */ = {
			isa = PBXProject;
			attributes = {
				BuildIndependentTargetsInParallel = 1;
				LastSwiftUpdateCheck = 1420;
				LastUpgradeCheck = 1420;
				TargetAttributes = {
					E673D11429AF7AB100F2CF69 = {
						CreatedOnToolsVersion = 14.2;
					};
					E6F4C56329B3AE0E00EDCF1B = {
						CreatedOnToolsVersion = 14.2;
						TestTargetID = E673D11429AF7AB100F2CF69;
					};
				};
			};
			buildConfigurationList = E673D11029AF7AB000F2CF69 /* Build configuration list for PBXProject "xkcd_assignment" */;
			compatibilityVersion = "Xcode 14.0";
			developmentRegion = en;
			hasScannedForEncodings = 0;
			knownRegions = (
				en,
				Base,
			);
			mainGroup = E673D10C29AF7AB000F2CF69;
			packageReferences = (
				E673D13A29AFC8B400F2CF69 /* XCRemoteSwiftPackageReference "Kingfisher" */,
			);
			productRefGroup = E673D11629AF7AB100F2CF69 /* Products */;
			projectDirPath = "";
			projectRoot = "";
			targets = (
				E673D11429AF7AB100F2CF69 /* xkcd_assignment */,
				E6F4C56329B3AE0E00EDCF1B /* xkcd_assignment_UITests */,
			);
		};
/* End PBXProject section */

/* Begin PBXResourcesBuildPhase section */
		E673D11329AF7AB100F2CF69 /* Resources */ = {
			isa = PBXResourcesBuildPhase;
			buildActionMask = 2147483647;
			files = (
				E673D15229B10D5F00F2CF69 /* SearchVC.xib in Resources */,
				E673D13729AFBED500F2CF69 /* BrowseVC.xib in Resources */,
				E673D12229AF7AB300F2CF69 /* Assets.xcassets in Resources */,
				E673D13E29B0CD5A00F2CF69 /* TabBarVC.xib in Resources */,
				E6F4C57A29B4020B00EDCF1B /* ComicDetailVC.xib in Resources */,
			);
			runOnlyForDeploymentPostprocessing = 0;
		};
		E6F4C56229B3AE0E00EDCF1B /* Resources */ = {
			isa = PBXResourcesBuildPhase;
			buildActionMask = 2147483647;
			files = (
			);
			runOnlyForDeploymentPostprocessing = 0;
		};
/* End PBXResourcesBuildPhase section */

/* Begin PBXSourcesBuildPhase section */
		E673D11129AF7AB100F2CF69 /* Sources */ = {
			isa = PBXSourcesBuildPhase;
			buildActionMask = 2147483647;
			files = (
				E673D13129AFA8F200F2CF69 /* Comic.swift in Sources */,
				E673D12F29AFA3A000F2CF69 /* BrowseVC.swift in Sources */,
				E6F4C55B29B2A19F00EDCF1B /* ComicViewModelProtocol.swift in Sources */,
				E673D12D29AFA31400F2CF69 /* MainCoordinator.swift in Sources */,
				E65E014329B1570C00D6015C /* FavouriteComic+CoreDataClass.swift in Sources */,
				E673D14A29B0DC6A00F2CF69 /* StorageProvider.swift in Sources */,
				E673D14029B0CD9C00F2CF69 /* TabBarVC.swift in Sources */,
				E673D14629B0D9B200F2CF69 /* xkcd.xcdatamodeld in Sources */,
				E673D15629B111F300F2CF69 /* SearchViewModel.swift in Sources */,
				E6F4C57329B3AE8E00EDCF1B /* AccessibilityIdentifiers.swift in Sources */,
				E6F4C55929B28E2D00EDCF1B /* FavouritesViewModel.swift in Sources */,
				E673D15429B111C100F2CF69 /* SearchVC.swift in Sources */,
				E65E014429B1570C00D6015C /* FavouriteComic+CoreDataProperties.swift in Sources */,
				E6F4C57C29B4021B00EDCF1B /* ComicDetailVC.swift in Sources */,
				E673D11929AF7AB100F2CF69 /* AppDelegate.swift in Sources */,
				E673D11B29AF7AB100F2CF69 /* SceneDelegate.swift in Sources */,
				E673D13929AFC41400F2CF69 /* BrowseViewModel.swift in Sources */,
				E673D13329AFAC0F00F2CF69 /* Networking.swift in Sources */,
				E673D14829B0DBC500F2CF69 /* ImageTransformer.swift in Sources */,
				E6F4C57829B3F52900EDCF1B /* UIColor+ex.swift in Sources */,
			);
			runOnlyForDeploymentPostprocessing = 0;
		};
		E6F4C56029B3AE0E00EDCF1B /* Sources */ = {
			isa = PBXSourcesBuildPhase;
			buildActionMask = 2147483647;
			files = (
				E6F4C56729B3AE0E00EDCF1B /* xkcd_assignment_UITests.swift in Sources */,
				E6F4C57429B3B25300EDCF1B /* AccessibilityIdentifiers.swift in Sources */,
			);
			runOnlyForDeploymentPostprocessing = 0;
		};
/* End PBXSourcesBuildPhase section */

/* Begin PBXTargetDependency section */
		E6F4C56B29B3AE0E00EDCF1B /* PBXTargetDependency */ = {
			isa = PBXTargetDependency;
			target = E673D11429AF7AB100F2CF69 /* xkcd_assignment */;
			targetProxy = E6F4C56A29B3AE0E00EDCF1B /* PBXContainerItemProxy */;
		};
/* End PBXTargetDependency section */

/* Begin XCBuildConfiguration section */
		E673D12729AF7AB300F2CF69 /* Debug */ = {
			isa = XCBuildConfiguration;
			buildSettings = {
				ALWAYS_SEARCH_USER_PATHS = NO;
				CLANG_ANALYZER_NONNULL = YES;
				CLANG_ANALYZER_NUMBER_OBJECT_CONVERSION = YES_AGGRESSIVE;
				CLANG_CXX_LANGUAGE_STANDARD = "gnu++20";
				CLANG_ENABLE_MODULES = YES;
				CLANG_ENABLE_OBJC_ARC = YES;
				CLANG_ENABLE_OBJC_WEAK = YES;
				CLANG_WARN_BLOCK_CAPTURE_AUTORELEASING = YES;
				CLANG_WARN_BOOL_CONVERSION = YES;
				CLANG_WARN_COMMA = YES;
				CLANG_WARN_CONSTANT_CONVERSION = YES;
				CLANG_WARN_DEPRECATED_OBJC_IMPLEMENTATIONS = YES;
				CLANG_WARN_DIRECT_OBJC_ISA_USAGE = YES_ERROR;
				CLANG_WARN_DOCUMENTATION_COMMENTS = YES;
				CLANG_WARN_EMPTY_BODY = YES;
				CLANG_WARN_ENUM_CONVERSION = YES;
				CLANG_WARN_INFINITE_RECURSION = YES;
				CLANG_WARN_INT_CONVERSION = YES;
				CLANG_WARN_NON_LITERAL_NULL_CONVERSION = YES;
				CLANG_WARN_OBJC_IMPLICIT_RETAIN_SELF = YES;
				CLANG_WARN_OBJC_LITERAL_CONVERSION = YES;
				CLANG_WARN_OBJC_ROOT_CLASS = YES_ERROR;
				CLANG_WARN_QUOTED_INCLUDE_IN_FRAMEWORK_HEADER = YES;
				CLANG_WARN_RANGE_LOOP_ANALYSIS = YES;
				CLANG_WARN_STRICT_PROTOTYPES = YES;
				CLANG_WARN_SUSPICIOUS_MOVE = YES;
				CLANG_WARN_UNGUARDED_AVAILABILITY = YES_AGGRESSIVE;
				CLANG_WARN_UNREACHABLE_CODE = YES;
				CLANG_WARN__DUPLICATE_METHOD_MATCH = YES;
				COPY_PHASE_STRIP = NO;
				DEBUG_INFORMATION_FORMAT = dwarf;
				ENABLE_STRICT_OBJC_MSGSEND = YES;
				ENABLE_TESTABILITY = YES;
				GCC_C_LANGUAGE_STANDARD = gnu11;
				GCC_DYNAMIC_NO_PIC = NO;
				GCC_NO_COMMON_BLOCKS = YES;
				GCC_OPTIMIZATION_LEVEL = 0;
				GCC_PREPROCESSOR_DEFINITIONS = (
					"DEBUG=1",
					"$(inherited)",
				);
				GCC_WARN_64_TO_32_BIT_CONVERSION = YES;
				GCC_WARN_ABOUT_RETURN_TYPE = YES_ERROR;
				GCC_WARN_UNDECLARED_SELECTOR = YES;
				GCC_WARN_UNINITIALIZED_AUTOS = YES_AGGRESSIVE;
				GCC_WARN_UNUSED_FUNCTION = YES;
				GCC_WARN_UNUSED_VARIABLE = YES;
				IPHONEOS_DEPLOYMENT_TARGET = 16.2;
				MTL_ENABLE_DEBUG_INFO = INCLUDE_SOURCE;
				MTL_FAST_MATH = YES;
				ONLY_ACTIVE_ARCH = YES;
				SDKROOT = iphoneos;
				SWIFT_ACTIVE_COMPILATION_CONDITIONS = DEBUG;
				SWIFT_OPTIMIZATION_LEVEL = "-Onone";
			};
			name = Debug;
		};
		E673D12829AF7AB300F2CF69 /* Release */ = {
			isa = XCBuildConfiguration;
			buildSettings = {
				ALWAYS_SEARCH_USER_PATHS = NO;
				CLANG_ANALYZER_NONNULL = YES;
				CLANG_ANALYZER_NUMBER_OBJECT_CONVERSION = YES_AGGRESSIVE;
				CLANG_CXX_LANGUAGE_STANDARD = "gnu++20";
				CLANG_ENABLE_MODULES = YES;
				CLANG_ENABLE_OBJC_ARC = YES;
				CLANG_ENABLE_OBJC_WEAK = YES;
				CLANG_WARN_BLOCK_CAPTURE_AUTORELEASING = YES;
				CLANG_WARN_BOOL_CONVERSION = YES;
				CLANG_WARN_COMMA = YES;
				CLANG_WARN_CONSTANT_CONVERSION = YES;
				CLANG_WARN_DEPRECATED_OBJC_IMPLEMENTATIONS = YES;
				CLANG_WARN_DIRECT_OBJC_ISA_USAGE = YES_ERROR;
				CLANG_WARN_DOCUMENTATION_COMMENTS = YES;
				CLANG_WARN_EMPTY_BODY = YES;
				CLANG_WARN_ENUM_CONVERSION = YES;
				CLANG_WARN_INFINITE_RECURSION = YES;
				CLANG_WARN_INT_CONVERSION = YES;
				CLANG_WARN_NON_LITERAL_NULL_CONVERSION = YES;
				CLANG_WARN_OBJC_IMPLICIT_RETAIN_SELF = YES;
				CLANG_WARN_OBJC_LITERAL_CONVERSION = YES;
				CLANG_WARN_OBJC_ROOT_CLASS = YES_ERROR;
				CLANG_WARN_QUOTED_INCLUDE_IN_FRAMEWORK_HEADER = YES;
				CLANG_WARN_RANGE_LOOP_ANALYSIS = YES;
				CLANG_WARN_STRICT_PROTOTYPES = YES;
				CLANG_WARN_SUSPICIOUS_MOVE = YES;
				CLANG_WARN_UNGUARDED_AVAILABILITY = YES_AGGRESSIVE;
				CLANG_WARN_UNREACHABLE_CODE = YES;
				CLANG_WARN__DUPLICATE_METHOD_MATCH = YES;
				COPY_PHASE_STRIP = NO;
				DEBUG_INFORMATION_FORMAT = "dwarf-with-dsym";
				ENABLE_NS_ASSERTIONS = NO;
				ENABLE_STRICT_OBJC_MSGSEND = YES;
				GCC_C_LANGUAGE_STANDARD = gnu11;
				GCC_NO_COMMON_BLOCKS = YES;
				GCC_WARN_64_TO_32_BIT_CONVERSION = YES;
				GCC_WARN_ABOUT_RETURN_TYPE = YES_ERROR;
				GCC_WARN_UNDECLARED_SELECTOR = YES;
				GCC_WARN_UNINITIALIZED_AUTOS = YES_AGGRESSIVE;
				GCC_WARN_UNUSED_FUNCTION = YES;
				GCC_WARN_UNUSED_VARIABLE = YES;
				IPHONEOS_DEPLOYMENT_TARGET = 16.2;
				MTL_ENABLE_DEBUG_INFO = NO;
				MTL_FAST_MATH = YES;
				SDKROOT = iphoneos;
				SWIFT_COMPILATION_MODE = wholemodule;
				SWIFT_OPTIMIZATION_LEVEL = "-O";
				VALIDATE_PRODUCT = YES;
			};
			name = Release;
		};
		E673D12A29AF7AB300F2CF69 /* Debug */ = {
			isa = XCBuildConfiguration;
			buildSettings = {
				ASSETCATALOG_COMPILER_APPICON_NAME = AppIcon;
				ASSETCATALOG_COMPILER_GLOBAL_ACCENT_COLOR_NAME = AccentColor;
				CODE_SIGN_STYLE = Automatic;
				CURRENT_PROJECT_VERSION = 1;
				DEVELOPMENT_TEAM = QL366PF2GF;
				GENERATE_INFOPLIST_FILE = YES;
				INFOPLIST_FILE = xkcd_assignment/SupportingFiles/Info.plist;
				INFOPLIST_KEY_UIApplicationSupportsIndirectInputEvents = YES;
				INFOPLIST_KEY_UILaunchStoryboardName = LaunchScreen;
				INFOPLIST_KEY_UIMainStoryboardFile = "";
				INFOPLIST_KEY_UISupportedInterfaceOrientations_iPad = "UIInterfaceOrientationPortrait UIInterfaceOrientationPortraitUpsideDown UIInterfaceOrientationLandscapeLeft UIInterfaceOrientationLandscapeRight";
				INFOPLIST_KEY_UISupportedInterfaceOrientations_iPhone = "UIInterfaceOrientationPortrait UIInterfaceOrientationLandscapeLeft UIInterfaceOrientationLandscapeRight";
				LD_RUNPATH_SEARCH_PATHS = (
					"$(inherited)",
					"@executable_path/Frameworks",
				);
				MARKETING_VERSION = 1.0;
				PRODUCT_BUNDLE_IDENTIFIER = "dev.tinatron.xkcd-assignment";
				PRODUCT_NAME = "$(TARGET_NAME)";
				SWIFT_EMIT_LOC_STRINGS = YES;
				SWIFT_VERSION = 5.0;
				TARGETED_DEVICE_FAMILY = "1,2";
			};
			name = Debug;
		};
		E673D12B29AF7AB300F2CF69 /* Release */ = {
			isa = XCBuildConfiguration;
			buildSettings = {
				ASSETCATALOG_COMPILER_APPICON_NAME = AppIcon;
				ASSETCATALOG_COMPILER_GLOBAL_ACCENT_COLOR_NAME = AccentColor;
				CODE_SIGN_STYLE = Automatic;
				CURRENT_PROJECT_VERSION = 1;
				DEVELOPMENT_TEAM = QL366PF2GF;
				GENERATE_INFOPLIST_FILE = YES;
				INFOPLIST_FILE = xkcd_assignment/SupportingFiles/Info.plist;
				INFOPLIST_KEY_UIApplicationSupportsIndirectInputEvents = YES;
				INFOPLIST_KEY_UILaunchStoryboardName = LaunchScreen;
				INFOPLIST_KEY_UIMainStoryboardFile = "";
				INFOPLIST_KEY_UISupportedInterfaceOrientations_iPad = "UIInterfaceOrientationPortrait UIInterfaceOrientationPortraitUpsideDown UIInterfaceOrientationLandscapeLeft UIInterfaceOrientationLandscapeRight";
				INFOPLIST_KEY_UISupportedInterfaceOrientations_iPhone = "UIInterfaceOrientationPortrait UIInterfaceOrientationLandscapeLeft UIInterfaceOrientationLandscapeRight";
				LD_RUNPATH_SEARCH_PATHS = (
					"$(inherited)",
					"@executable_path/Frameworks",
				);
				MARKETING_VERSION = 1.0;
				PRODUCT_BUNDLE_IDENTIFIER = "dev.tinatron.xkcd-assignment";
				PRODUCT_NAME = "$(TARGET_NAME)";
				SWIFT_EMIT_LOC_STRINGS = YES;
				SWIFT_VERSION = 5.0;
				TARGETED_DEVICE_FAMILY = "1,2";
			};
			name = Release;
		};
		E6F4C56D29B3AE0E00EDCF1B /* Debug */ = {
			isa = XCBuildConfiguration;
			buildSettings = {
				CODE_SIGN_STYLE = Automatic;
				CURRENT_PROJECT_VERSION = 1;
				DEVELOPMENT_TEAM = QL366PF2GF;
				GENERATE_INFOPLIST_FILE = YES;
				MARKETING_VERSION = 1.0;
				PRODUCT_BUNDLE_IDENTIFIER = "dev.tinatron.xkcd-assignment-UITests";
				PRODUCT_NAME = "$(TARGET_NAME)";
				SWIFT_EMIT_LOC_STRINGS = NO;
				SWIFT_VERSION = 5.0;
				TARGETED_DEVICE_FAMILY = "1,2";
				TEST_TARGET_NAME = xkcd_assignment;
			};
			name = Debug;
		};
		E6F4C56E29B3AE0E00EDCF1B /* Release */ = {
			isa = XCBuildConfiguration;
			buildSettings = {
				CODE_SIGN_STYLE = Automatic;
				CURRENT_PROJECT_VERSION = 1;
				DEVELOPMENT_TEAM = QL366PF2GF;
				GENERATE_INFOPLIST_FILE = YES;
				MARKETING_VERSION = 1.0;
				PRODUCT_BUNDLE_IDENTIFIER = "dev.tinatron.xkcd-assignment-UITests";
				PRODUCT_NAME = "$(TARGET_NAME)";
				SWIFT_EMIT_LOC_STRINGS = NO;
				SWIFT_VERSION = 5.0;
				TARGETED_DEVICE_FAMILY = "1,2";
				TEST_TARGET_NAME = xkcd_assignment;
			};
			name = Release;
		};
/* End XCBuildConfiguration section */

/* Begin XCConfigurationList section */
		E673D11029AF7AB000F2CF69 /* Build configuration list for PBXProject "xkcd_assignment" */ = {
			isa = XCConfigurationList;
			buildConfigurations = (
				E673D12729AF7AB300F2CF69 /* Debug */,
				E673D12829AF7AB300F2CF69 /* Release */,
			);
			defaultConfigurationIsVisible = 0;
			defaultConfigurationName = Release;
		};
		E673D12929AF7AB300F2CF69 /* Build configuration list for PBXNativeTarget "xkcd_assignment" */ = {
			isa = XCConfigurationList;
			buildConfigurations = (
				E673D12A29AF7AB300F2CF69 /* Debug */,
				E673D12B29AF7AB300F2CF69 /* Release */,
			);
			defaultConfigurationIsVisible = 0;
			defaultConfigurationName = Release;
		};
		E6F4C56C29B3AE0E00EDCF1B /* Build configuration list for PBXNativeTarget "xkcd_assignment_UITests" */ = {
			isa = XCConfigurationList;
			buildConfigurations = (
				E6F4C56D29B3AE0E00EDCF1B /* Debug */,
				E6F4C56E29B3AE0E00EDCF1B /* Release */,
			);
			defaultConfigurationIsVisible = 0;
			defaultConfigurationName = Release;
		};
/* End XCConfigurationList section */

/* Begin XCRemoteSwiftPackageReference section */
		E673D13A29AFC8B400F2CF69 /* XCRemoteSwiftPackageReference "Kingfisher" */ = {
			isa = XCRemoteSwiftPackageReference;
			repositoryURL = "https://github.com/onevcat/Kingfisher.git";
			requirement = {
				kind = upToNextMajorVersion;
				minimumVersion = 7.0.0;
			};
		};
/* End XCRemoteSwiftPackageReference section */

/* Begin XCSwiftPackageProductDependency section */
		E673D13B29AFC8B400F2CF69 /* Kingfisher */ = {
			isa = XCSwiftPackageProductDependency;
			package = E673D13A29AFC8B400F2CF69 /* XCRemoteSwiftPackageReference "Kingfisher" */;
			productName = Kingfisher;
		};
/* End XCSwiftPackageProductDependency section */

/* Begin XCVersionGroup section */
		E673D14429B0D9B200F2CF69 /* xkcd.xcdatamodeld */ = {
			isa = XCVersionGroup;
			children = (
				E673D14529B0D9B200F2CF69 /* xkcd.xcdatamodel */,
			);
			currentVersion = E673D14529B0D9B200F2CF69 /* xkcd.xcdatamodel */;
			path = xkcd.xcdatamodeld;
			sourceTree = "<group>";
			versionGroupType = wrapper.xcdatamodel;
		};
/* End XCVersionGroup section */
	};
	rootObject = E673D10D29AF7AB000F2CF69 /* Project object */;
}
